
Microsoft Visual Studio Solution File, Format Version 12.00
# Visual Studio Version 17
VisualStudioVersion = 17.8.34309.116
MinimumVisualStudioVersion = 10.0.40219.1
Project("{FAE04EC0-301F-11D3-BF4B-00C04F79EFBC}") = "Calficador-Inador", "Calficador-Inador\Calficador-Inador.csproj", "{314A9A68-A18C-4E64-94AB-B0793C31C2B5}"
EndProject
Global
	GlobalSection(SolutionConfigurationPlatforms) = preSolution
		Debug|Any CPU = Debug|Any CPU
		Release|Any CPU = Release|Any CPU
	EndGlobalSection
	GlobalSection(ProjectConfigurationPlatforms) = postSolution
		{314A9A68-A18C-4E64-94AB-B0793C31C2B5}.Debug|Any CPU.ActiveCfg = Debug|Any CPU
		{314A9A68-A18C-4E64-94AB-B0793C31C2B5}.Debug|Any CPU.Build.0 = Debug|Any CPU
		{314A9A68-A18C-4E64-94AB-B0793C31C2B5}.Release|Any CPU.ActiveCfg = Release|Any CPU
		{314A9A68-A18C-4E64-94AB-B0793C31C2B5}.Release|Any CPU.Build.0 = Release|Any CPU
	EndGlobalSection
	GlobalSection(SolutionProperties) = preSolution
		HideSolutionNode = FALSE
	EndGlobalSection
	GlobalSection(ExtensibilityGlobals) = postSolution
		SolutionGuid = {A9F25BDB-2E91-47DA-BD61-80565D189394}
	EndGlobalSection
EndGlobal
